
Microsoft Visual Studio Solution File, Format Version 12.00
# Visual Studio Version 17
VisualStudioVersion = 17.5.33530.505
MinimumVisualStudioVersion = 10.0.40219.1
Project("{FAE04EC0-301F-11D3-BF4B-00C04F79EFBC}") = "ConsoleDBModule", "ConsoleDBModule\ConsoleDBModule.csproj", "{7DFA2BFA-C245-4DE8-ABBC-76A0FE83715D}"
EndProject
Global
	GlobalSection(SolutionConfigurationPlatforms) = preSolution
		Debug|Any CPU = Debug|Any CPU
		Release|Any CPU = Release|Any CPU
	EndGlobalSection
	GlobalSection(ProjectConfigurationPlatforms) = postSolution
		{7DFA2BFA-C245-4DE8-ABBC-76A0FE83715D}.Debug|Any CPU.ActiveCfg = Debug|Any CPU
		{7DFA2BFA-C245-4DE8-ABBC-76A0FE83715D}.Debug|Any CPU.Build.0 = Debug|Any CPU
		{7DFA2BFA-C245-4DE8-ABBC-76A0FE83715D}.Release|Any CPU.ActiveCfg = Release|Any CPU
		{7DFA2BFA-C245-4DE8-ABBC-76A0FE83715D}.Release|Any CPU.Build.0 = Release|Any CPU
	EndGlobalSection
	GlobalSection(SolutionProperties) = preSolution
		HideSolutionNode = FALSE
	EndGlobalSection
	GlobalSection(ExtensibilityGlobals) = postSolution
		SolutionGuid = {36CBB64F-5069-4EAC-934B-1A2049C6BAE2}
	EndGlobalSection
EndGlobal
